
Microsoft Visual Studio Solution File, Format Version 12.00
# Visual Studio 2012
Project("{FAE04EC0-301F-11D3-BF4B-00C04F79EFBC}") = "PhoneBookLib", "PhoneBookLib2\PhoneBookLib.csproj", "{0A502A4D-85EB-45E5-9F2D-FA89FB4EE79F}"
EndProject
Project("{FAE04EC0-301F-11D3-BF4B-00C04F79EFBC}") = "Test", "Test\Test.csproj", "{66DCF494-16C8-46B7-860C-D4E84649AC0D}"
EndProject
Project("{FAE04EC0-301F-11D3-BF4B-00C04F79EFBC}") = "PhonebookLibUnitTests", "PhonebookLibUnitTests\PhonebookLibUnitTests.csproj", "{6CF79440-FE13-4F11-AC03-1D1B068C6956}"
EndProject
Global
	GlobalSection(SolutionConfigurationPlatforms) = preSolution
		Debug|Any CPU = Debug|Any CPU
		Release|Any CPU = Release|Any CPU
	EndGlobalSection
	GlobalSection(ProjectConfigurationPlatforms) = postSolution
		{0A502A4D-85EB-45E5-9F2D-FA89FB4EE79F}.Debug|Any CPU.ActiveCfg = Debug|Any CPU
		{0A502A4D-85EB-45E5-9F2D-FA89FB4EE79F}.Debug|Any CPU.Build.0 = Debug|Any CPU
		{0A502A4D-85EB-45E5-9F2D-FA89FB4EE79F}.Release|Any CPU.ActiveCfg = Release|Any CPU
		{0A502A4D-85EB-45E5-9F2D-FA89FB4EE79F}.Release|Any CPU.Build.0 = Release|Any CPU
		{66DCF494-16C8-46B7-860C-D4E84649AC0D}.Debug|Any CPU.ActiveCfg = Debug|Any CPU
		{66DCF494-16C8-46B7-860C-D4E84649AC0D}.Debug|Any CPU.Build.0 = Debug|Any CPU
		{66DCF494-16C8-46B7-860C-D4E84649AC0D}.Release|Any CPU.ActiveCfg = Release|Any CPU
		{66DCF494-16C8-46B7-860C-D4E84649AC0D}.Release|Any CPU.Build.0 = Release|Any CPU
		{6CF79440-FE13-4F11-AC03-1D1B068C6956}.Debug|Any CPU.ActiveCfg = Debug|Any CPU
		{6CF79440-FE13-4F11-AC03-1D1B068C6956}.Debug|Any CPU.Build.0 = Debug|Any CPU
		{6CF79440-FE13-4F11-AC03-1D1B068C6956}.Release|Any CPU.ActiveCfg = Release|Any CPU
		{6CF79440-FE13-4F11-AC03-1D1B068C6956}.Release|Any CPU.Build.0 = Release|Any CPU
	EndGlobalSection
	GlobalSection(SolutionProperties) = preSolution
		HideSolutionNode = FALSE
	EndGlobalSection
EndGlobal
